
Microsoft Visual Studio Solution File, Format Version 12.00
# Visual Studio Version 17
VisualStudioVersion = 17.0.31912.275
MinimumVisualStudioVersion = 10.0.40219.1
Project("{9A19103F-16F7-4668-BE54-9A1E7A4F7556}") = "SharpCalc", "SharpCalc\SharpCalc.csproj", "{42315AB1-1453-4C13-AA64-F3D4F077B527}"
EndProject
Project("{9A19103F-16F7-4668-BE54-9A1E7A4F7556}") = "WithInterface", "WithInterface\WithInterface.csproj", "{40BA97D0-18DD-426D-BE72-66277D34CE53}"
EndProject
Project("{9A19103F-16F7-4668-BE54-9A1E7A4F7556}") = "WithoutInterface", "WithoutInterface\WithoutInterface.csproj", "{68F51893-8021-46A9-A496-9230FE2181CB}"
EndProject
Global
	GlobalSection(SolutionConfigurationPlatforms) = preSolution
		Debug|Any CPU = Debug|Any CPU
		Debug|x64 = Debug|x64
		Debug|x86 = Debug|x86
		Release|Any CPU = Release|Any CPU
		Release|x64 = Release|x64
		Release|x86 = Release|x86
	EndGlobalSection
	GlobalSection(ProjectConfigurationPlatforms) = postSolution
		{42315AB1-1453-4C13-AA64-F3D4F077B527}.Debug|Any CPU.ActiveCfg = Debug|Any CPU
		{42315AB1-1453-4C13-AA64-F3D4F077B527}.Debug|Any CPU.Build.0 = Debug|Any CPU
		{42315AB1-1453-4C13-AA64-F3D4F077B527}.Debug|x64.ActiveCfg = Debug|Any CPU
		{42315AB1-1453-4C13-AA64-F3D4F077B527}.Debug|x64.Build.0 = Debug|Any CPU
		{42315AB1-1453-4C13-AA64-F3D4F077B527}.Debug|x86.ActiveCfg = Debug|Any CPU
		{42315AB1-1453-4C13-AA64-F3D4F077B527}.Debug|x86.Build.0 = Debug|Any CPU
		{42315AB1-1453-4C13-AA64-F3D4F077B527}.Release|Any CPU.ActiveCfg = Release|Any CPU
		{42315AB1-1453-4C13-AA64-F3D4F077B527}.Release|Any CPU.Build.0 = Release|Any CPU
		{42315AB1-1453-4C13-AA64-F3D4F077B527}.Release|x64.ActiveCfg = Release|Any CPU
		{42315AB1-1453-4C13-AA64-F3D4F077B527}.Release|x64.Build.0 = Release|Any CPU
		{42315AB1-1453-4C13-AA64-F3D4F077B527}.Release|x86.ActiveCfg = Release|Any CPU
		{42315AB1-1453-4C13-AA64-F3D4F077B527}.Release|x86.Build.0 = Release|Any CPU
		{40BA97D0-18DD-426D-BE72-66277D34CE53}.Debug|Any CPU.ActiveCfg = Debug|Any CPU
		{40BA97D0-18DD-426D-BE72-66277D34CE53}.Debug|Any CPU.Build.0 = Debug|Any CPU
		{40BA97D0-18DD-426D-BE72-66277D34CE53}.Debug|x64.ActiveCfg = Debug|Any CPU
		{40BA97D0-18DD-426D-BE72-66277D34CE53}.Debug|x64.Build.0 = Debug|Any CPU
		{40BA97D0-18DD-426D-BE72-66277D34CE53}.Debug|x86.ActiveCfg = Debug|Any CPU
		{40BA97D0-18DD-426D-BE72-66277D34CE53}.Debug|x86.Build.0 = Debug|Any CPU
		{40BA97D0-18DD-426D-BE72-66277D34CE53}.Release|Any CPU.ActiveCfg = Release|Any CPU
		{40BA97D0-18DD-426D-BE72-66277D34CE53}.Release|Any CPU.Build.0 = Release|Any CPU
		{40BA97D0-18DD-426D-BE72-66277D34CE53}.Release|x64.ActiveCfg = Release|Any CPU
		{40BA97D0-18DD-426D-BE72-66277D34CE53}.Release|x64.Build.0 = Release|Any CPU
		{40BA97D0-18DD-426D-BE72-66277D34CE53}.Release|x86.ActiveCfg = Release|Any CPU
		{40BA97D0-18DD-426D-BE72-66277D34CE53}.Release|x86.Build.0 = Release|Any CPU
		{68F51893-8021-46A9-A496-9230FE2181CB}.Debug|Any CPU.ActiveCfg = Debug|Any CPU
		{68F51893-8021-46A9-A496-9230FE2181CB}.Debug|Any CPU.Build.0 = Debug|Any CPU
		{68F51893-8021-46A9-A496-9230FE2181CB}.Debug|x64.ActiveCfg = Debug|Any CPU
		{68F51893-8021-46A9-A496-9230FE2181CB}.Debug|x64.Build.0 = Debug|Any CPU
		{68F51893-8021-46A9-A496-9230FE2181CB}.Debug|x86.ActiveCfg = Debug|Any CPU
		{68F51893-8021-46A9-A496-9230FE2181CB}.Debug|x86.Build.0 = Debug|Any CPU
		{68F51893-8021-46A9-A496-9230FE2181CB}.Release|Any CPU.ActiveCfg = Release|Any CPU
		{68F51893-8021-46A9-A496-9230FE2181CB}.Release|Any CPU.Build.0 = Release|Any CPU
		{68F51893-8021-46A9-A496-9230FE2181CB}.Release|x64.ActiveCfg = Release|Any CPU
		{68F51893-8021-46A9-A496-9230FE2181CB}.Release|x64.Build.0 = Release|Any CPU
		{68F51893-8021-46A9-A496-9230FE2181CB}.Release|x86.ActiveCfg = Release|Any CPU
		{68F51893-8021-46A9-A496-9230FE2181CB}.Release|x86.Build.0 = Release|Any CPU
	EndGlobalSection
	GlobalSection(SolutionProperties) = preSolution
		HideSolutionNode = FALSE
	EndGlobalSection
	GlobalSection(ExtensibilityGlobals) = postSolution
		SolutionGuid = {83A7686E-2AE7-4A28-ACFA-D534079A2E3E}
	EndGlobalSection
EndGlobal
