<?xml version="1.0" encoding="UTF-8" standalone="yes" ?>
<CodeBlocks_project_file>
	<FileVersion major="1" minor="6" />
	<Project>
		<Option title="Calculator" />
		<Option pch_mode="2" />
		<Option compiler="gcc" />
		<Build>
			<Target title="Debug Win32">
				<Option output="../Debug/Calculator" prefix_auto="1" extension_auto="1" />
				<Option object_output="Debug/" />
				<Option deps_output="../Debug/" />
				<Option type="0" />
				<Option compiler="gcc" />
				<Compiler>
					<Add option="-g" />
					<Add option="-DWIN32" />
					<Add option="-D_DEBUG" />
					<Add option="-D_CONSOLE" />
					<Add option="-Wall" />
					<Add directory="C:/Users/vafas/source/repos/MyLib/MyLib/Include/" />
				</Compiler>
				<Linker>
					<Add library="MyLib-d.lib" />
					<Add library="winmm.lib" />
					<Add library="comctl32.lib" />
					<Add library="kernel32.lib" />
					<Add library="user32.lib" />
					<Add library="gdi32.lib" />
					<Add library="winspool.lib" />
					<Add library="comdlg32.lib" />
					<Add library="advapi32.lib" />
					<Add library="shell32.lib" />
					<Add library="ole32.lib" />
					<Add library="oleaut32.lib" />
					<Add library="uuid.lib" />
					<Add library="odbc32.lib" />
					<Add library="odbccp32.lib" />
					<Add directory="C:/Users/vafas/source/assets/MyLib/" />
				</Linker>
			</Target>
			<Target title="Debug x64">
				<Option output="../Debug/Calculator" prefix_auto="1" extension_auto="1" />
				<Option object_output="Debug/" />
				<Option deps_output="../Debug/" />
				<Option type="0" />
				<Option compiler="gcc" />
				<Compiler>
					<Add option="-g" />
					<Add option="-D_DEBUG" />
					<Add option="-D_CONSOLE" />
					<Add option="-Wall" />
					<Add directory="C:/Users/vafas/source/repos/MyLib/MyLib/Include/" />
				</Compiler>
				<Linker>
					<Add library="MyLib-d.lib" />
					<Add library="winmm.lib" />
					<Add library="comctl32.lib" />
					<Add library="kernel32.lib" />
					<Add library="user32.lib" />
					<Add library="gdi32.lib" />
					<Add library="winspool.lib" />
					<Add library="comdlg32.lib" />
					<Add library="advapi32.lib" />
					<Add library="shell32.lib" />
					<Add library="ole32.lib" />
					<Add library="oleaut32.lib" />
					<Add library="uuid.lib" />
					<Add library="odbc32.lib" />
					<Add library="odbccp32.lib" />
					<Add directory="C:/Users/vafas/source/assets/MyLib/x64/" />
				</Linker>
			</Target>
			<Target title="Release x64">
				<Option output="../Release/Calculator" prefix_auto="1" extension_auto="1" />
				<Option object_output="Release/" />
				<Option deps_output="../Release/" />
				<Option type="0" />
				<Option compiler="gcc" />
				<Compiler>
					<Add option="-DNDEBUG" />
					<Add option="-D_CONSOLE" />
					<Add option="-Wall" />
					<Add directory="C:/Users/vafas/source/repos/MyLib/MyLib/Include/" />
				</Compiler>
				<Linker>
					<Add library="MyLib.lib" />
					<Add directory="C:/Users/vafas/source/assets/MyLib/x64/" />
				</Linker>
			</Target>
			<Target title="Release Win32">
				<Option output="../Release/Calculator" prefix_auto="1" extension_auto="1" />
				<Option object_output="Release/" />
				<Option deps_output="../Release/" />
				<Option type="0" />
				<Option compiler="gcc" />
				<Compiler>
					<Add option="-DWIN32" />
					<Add option="-DNDEBUG" />
					<Add option="-D_CONSOLE" />
					<Add option="-Wall" />
					<Add directory="C:/Users/vafas/source/repos/MyLib/MyLib/Include/" />
				</Compiler>
				<Linker>
					<Add library="MyLib.lib" />
					<Add directory="C:/Users/vafas/source/assets/MyLib/" />
				</Linker>
			</Target>
		</Build>
		<Unit filename="Calculator.cpp" />
		<Unit filename="Calculator.rc">
			<Option compilerVar="WINDRES" />
		</Unit>
		<Unit filename="CompiledFunction.cpp" />
		<Unit filename="Delegate.hpp" />
		<Unit filename="DoMath.cpp" />
		<Unit filename="Error.cpp" />
		<Unit filename="Error.hpp" />
		<Unit filename="Function.cpp" />
		<Unit filename="GC.h" />
		<Unit filename="MathParser.cpp" />
		<Unit filename="MathParser.hpp" />
		<Unit filename="Operators.cpp" />
		<Unit filename="Symbol.cpp" />
		<Unit filename="Symbol.hpp" />
		<Unit filename="Translator.cpp" />
		<Unit filename="Utilities.cpp" />
		<Unit filename="Utilities.hpp" />
		<Unit filename="Word.cpp" />
		<Unit filename="resource.h" />
		<Extensions>
			<lib_finder disable_auto="1" />
		</Extensions>
	</Project>
</CodeBlocks_project_file>
